// !$*UTF8*$!
{
	archiveVersion = 1;
	classes = {
	};
	objectVersion = 77;
	objects = {

/* Begin PBXBuildFile section */
		EF1E2AC02DCB1940006A03DE /* Assets.xcassets in Resources */ = {isa = PBXBuildFile; fileRef = EF1E2ABC2DCB1940006A03DE /* Assets.xcassets */; };
		EF1E2AC12DCB1940006A03DE /* MainView.swift in Sources */ = {isa = PBXBuildFile; fileRef = EF1E2ABD2DCB1940006A03DE /* MainView.swift */; };
		EF1E2AC22DCB1940006A03DE /* GameOfLifeApp.swift in Sources */ = {isa = PBXBuildFile; fileRef = EF1E2ABE2DCB1940006A03DE /* GameOfLifeApp.swift */; };
		EF1E2AC72DCB1B33006A03DE /* BoardView.swift in Sources */ = {isa = PBXBuildFile; fileRef = EF1E2AC62DCB1B33006A03DE /* BoardView.swift */; };
		EF1E2AC92DCB1B87006A03DE /* ControlView.swift in Sources */ = {isa = PBXBuildFile; fileRef = EF1E2AC82DCB1B87006A03DE /* ControlView.swift */; };
		EF1E2ACB2DCB1C02006A03DE /* TitleView.swift in Sources */ = {isa = PBXBuildFile; fileRef = EF1E2ACA2DCB1C02006A03DE /* TitleView.swift */; };
		EF1E2ACD2DCB1D20006A03DE /* BackgroundView.swift in Sources */ = {isa = PBXBuildFile; fileRef = EF1E2ACC2DCB1D20006A03DE /* BackgroundView.swift */; };
		EF1E2AD02DCB3295006A03DE /* BackgroundImages.swift in Sources */ = {isa = PBXBuildFile; fileRef = EF1E2ACF2DCB3295006A03DE /* BackgroundImages.swift */; };
		EF1E2AD22DCB3322006A03DE /* BoardModel.swift in Sources */ = {isa = PBXBuildFile; fileRef = EF1E2AD12DCB3322006A03DE /* BoardModel.swift */; };
		EF1E2AD42DCB3AA4006A03DE /* DesignType.swift in Sources */ = {isa = PBXBuildFile; fileRef = EF1E2AD32DCB3AA4006A03DE /* DesignType.swift */; };
/* End PBXBuildFile section */

/* Begin PBXFileReference section */
		EF1E2AAE2DCB1937006A03DE /* GameOfLife.app */ = {isa = PBXFileReference; explicitFileType = wrapper.application; includeInIndex = 0; path = GameOfLife.app; sourceTree = BUILT_PRODUCTS_DIR; };
		EF1E2ABC2DCB1940006A03DE /* Assets.xcassets */ = {isa = PBXFileReference; lastKnownFileType = folder.assetcatalog; path = Assets.xcassets; sourceTree = "<group>"; };
		EF1E2ABD2DCB1940006A03DE /* MainView.swift */ = {isa = PBXFileReference; lastKnownFileType = sourcecode.swift; path = MainView.swift; sourceTree = "<group>"; };
		EF1E2ABE2DCB1940006A03DE /* GameOfLifeApp.swift */ = {isa = PBXFileReference; lastKnownFileType = sourcecode.swift; path = GameOfLifeApp.swift; sourceTree = "<group>"; };
		EF1E2AC62DCB1B33006A03DE /* BoardView.swift */ = {isa = PBXFileReference; lastKnownFileType = sourcecode.swift; path = BoardView.swift; sourceTree = "<group>"; };
		EF1E2AC82DCB1B87006A03DE /* ControlView.swift */ = {isa = PBXFileReference; lastKnownFileType = sourcecode.swift; path = ControlView.swift; sourceTree = "<group>"; };
		EF1E2ACA2DCB1C02006A03DE /* TitleView.swift */ = {isa = PBXFileReference; lastKnownFileType = sourcecode.swift; path = TitleView.swift; sourceTree = "<group>"; };
		EF1E2ACC2DCB1D20006A03DE /* BackgroundView.swift */ = {isa = PBXFileReference; lastKnownFileType = sourcecode.swift; path = BackgroundView.swift; sourceTree = "<group>"; };
		EF1E2ACF2DCB3295006A03DE /* BackgroundImages.swift */ = {isa = PBXFileReference; lastKnownFileType = sourcecode.swift; path = BackgroundImages.swift; sourceTree = "<group>"; };
		EF1E2AD12DCB3322006A03DE /* BoardModel.swift */ = {isa = PBXFileReference; lastKnownFileType = sourcecode.swift; path = BoardModel.swift; sourceTree = "<group>"; };
		EF1E2AD32DCB3AA4006A03DE /* DesignType.swift */ = {isa = PBXFileReference; lastKnownFileType = sourcecode.swift; path = DesignType.swift; sourceTree = "<group>"; };
/* End PBXFileReference section */

/* Begin PBXFrameworksBuildPhase section */
		EF1E2AAB2DCB1937006A03DE /* Frameworks */ = {
			isa = PBXFrameworksBuildPhase;
			buildActionMask = 2147483647;
			files = (
			);
			runOnlyForDeploymentPostprocessing = 0;
		};
/* End PBXFrameworksBuildPhase section */

/* Begin PBXGroup section */
		EF1E2AA52DCB1937006A03DE = {
			isa = PBXGroup;
			children = (
				EF1E2ABF2DCB1940006A03DE /* GameOfLife */,
				EF1E2AAF2DCB1937006A03DE /* Products */,
			);
			sourceTree = "<group>";
		};
		EF1E2AAF2DCB1937006A03DE /* Products */ = {
			isa = PBXGroup;
			children = (
				EF1E2AAE2DCB1937006A03DE /* GameOfLife.app */,
			);
			name = Products;
			sourceTree = "<group>";
		};
		EF1E2ABF2DCB1940006A03DE /* GameOfLife */ = {
			isa = PBXGroup;
			children = (
				EF1E2ACE2DCB327D006A03DE /* Image Resources */,
				EF1E2AC52DCB1AF6006A03DE /* View */,
				EF1E2AC42DCB1AED006A03DE /* ViewModel */,
				EF1E2AC32DCB1AE6006A03DE /* Model */,
				EF1E2ABE2DCB1940006A03DE /* GameOfLifeApp.swift */,
				EF1E2ABC2DCB1940006A03DE /* Assets.xcassets */,
			);
			path = GameOfLife;
			sourceTree = "<group>";
		};
		EF1E2AC32DCB1AE6006A03DE /* Model */ = {
			isa = PBXGroup;
			children = (
				EF1E2AD12DCB3322006A03DE /* BoardModel.swift */,
				EF1E2AD32DCB3AA4006A03DE /* DesignType.swift */,
			);
			path = Model;
			sourceTree = "<group>";
		};
		EF1E2AC42DCB1AED006A03DE /* ViewModel */ = {
			isa = PBXGroup;
			children = (
			);
			path = ViewModel;
			sourceTree = "<group>";
		};
		EF1E2AC52DCB1AF6006A03DE /* View */ = {
			isa = PBXGroup;
			children = (
				EF1E2ABD2DCB1940006A03DE /* MainView.swift */,
				EF1E2ACC2DCB1D20006A03DE /* BackgroundView.swift */,
				EF1E2ACA2DCB1C02006A03DE /* TitleView.swift */,
				EF1E2AC82DCB1B87006A03DE /* ControlView.swift */,
				EF1E2AC62DCB1B33006A03DE /* BoardView.swift */,
			);
			path = View;
			sourceTree = "<group>";
		};
		EF1E2ACE2DCB327D006A03DE /* Image Resources */ = {
			isa = PBXGroup;
			children = (
				EF1E2ACF2DCB3295006A03DE /* BackgroundImages.swift */,
			);
			path = "Image Resources";
			sourceTree = "<group>";
		};
/* End PBXGroup section */

/* Begin PBXNativeTarget section */
		EF1E2AAD2DCB1937006A03DE /* GameOfLife */ = {
			isa = PBXNativeTarget;
			buildConfigurationList = EF1E2AB92DCB1938006A03DE /* Build configuration list for PBXNativeTarget "GameOfLife" */;
			buildPhases = (
				EF1E2AAA2DCB1937006A03DE /* Sources */,
				EF1E2AAB2DCB1937006A03DE /* Frameworks */,
				EF1E2AAC2DCB1937006A03DE /* Resources */,
			);
			buildRules = (
			);
			dependencies = (
			);
			name = GameOfLife;
			packageProductDependencies = (
			);
			productName = GameOfLife;
			productReference = EF1E2AAE2DCB1937006A03DE /* GameOfLife.app */;
			productType = "com.apple.product-type.application";
		};
/* End PBXNativeTarget section */

/* Begin PBXProject section */
		EF1E2AA62DCB1937006A03DE /* Project object */ = {
			isa = PBXProject;
			attributes = {
				BuildIndependentTargetsInParallel = 1;
				LastSwiftUpdateCheck = 1630;
				LastUpgradeCheck = 1630;
				TargetAttributes = {
					EF1E2AAD2DCB1937006A03DE = {
						CreatedOnToolsVersion = 16.3;
					};
				};
			};
			buildConfigurationList = EF1E2AA92DCB1937006A03DE /* Build configuration list for PBXProject "GameOfLife" */;
			developmentRegion = en;
			hasScannedForEncodings = 0;
			knownRegions = (
				en,
				Base,
			);
			mainGroup = EF1E2AA52DCB1937006A03DE;
			minimizedProjectReferenceProxies = 1;
			preferredProjectObjectVersion = 77;
			productRefGroup = EF1E2AAF2DCB1937006A03DE /* Products */;
			projectDirPath = "";
			projectRoot = "";
			targets = (
				EF1E2AAD2DCB1937006A03DE /* GameOfLife */,
			);
		};
/* End PBXProject section */

/* Begin PBXResourcesBuildPhase section */
		EF1E2AAC2DCB1937006A03DE /* Resources */ = {
			isa = PBXResourcesBuildPhase;
			buildActionMask = 2147483647;
			files = (
				EF1E2AC02DCB1940006A03DE /* Assets.xcassets in Resources */,
			);
			runOnlyForDeploymentPostprocessing = 0;
		};
/* End PBXResourcesBuildPhase section */

/* Begin PBXSourcesBuildPhase section */
		EF1E2AAA2DCB1937006A03DE /* Sources */ = {
			isa = PBXSourcesBuildPhase;
			buildActionMask = 2147483647;
			files = (
				EF1E2ACD2DCB1D20006A03DE /* BackgroundView.swift in Sources */,
				EF1E2AC92DCB1B87006A03DE /* ControlView.swift in Sources */,
				EF1E2AC12DCB1940006A03DE /* MainView.swift in Sources */,
				EF1E2AD42DCB3AA4006A03DE /* DesignType.swift in Sources */,
				EF1E2AD02DCB3295006A03DE /* BackgroundImages.swift in Sources */,
				EF1E2AD22DCB3322006A03DE /* BoardModel.swift in Sources */,
				EF1E2AC72DCB1B33006A03DE /* BoardView.swift in Sources */,
				EF1E2AC22DCB1940006A03DE /* GameOfLifeApp.swift in Sources */,
				EF1E2ACB2DCB1C02006A03DE /* TitleView.swift in Sources */,
			);
			runOnlyForDeploymentPostprocessing = 0;
		};
/* End PBXSourcesBuildPhase section */

/* Begin XCBuildConfiguration section */
		EF1E2AB72DCB1938006A03DE /* Debug */ = {
			isa = XCBuildConfiguration;
			buildSettings = {
				ALWAYS_SEARCH_USER_PATHS = NO;
				ASSETCATALOG_COMPILER_GENERATE_SWIFT_ASSET_SYMBOL_EXTENSIONS = YES;
				CLANG_ANALYZER_NONNULL = YES;
				CLANG_ANALYZER_NUMBER_OBJECT_CONVERSION = YES_AGGRESSIVE;
				CLANG_CXX_LANGUAGE_STANDARD = "gnu++20";
				CLANG_ENABLE_MODULES = YES;
				CLANG_ENABLE_OBJC_ARC = YES;
				CLANG_ENABLE_OBJC_WEAK = YES;
				CLANG_WARN_BLOCK_CAPTURE_AUTORELEASING = YES;
				CLANG_WARN_BOOL_CONVERSION = YES;
				CLANG_WARN_COMMA = YES;
				CLANG_WARN_CONSTANT_CONVERSION = YES;
				CLANG_WARN_DEPRECATED_OBJC_IMPLEMENTATIONS = YES;
				CLANG_WARN_DIRECT_OBJC_ISA_USAGE = YES_ERROR;
				CLANG_WARN_DOCUMENTATION_COMMENTS = YES;
				CLANG_WARN_EMPTY_BODY = YES;
				CLANG_WARN_ENUM_CONVERSION = YES;
				CLANG_WARN_INFINITE_RECURSION = YES;
				CLANG_WARN_INT_CONVERSION = YES;
				CLANG_WARN_NON_LITERAL_NULL_CONVERSION = YES;
				CLANG_WARN_OBJC_IMPLICIT_RETAIN_SELF = YES;
				CLANG_WARN_OBJC_LITERAL_CONVERSION = YES;
				CLANG_WARN_OBJC_ROOT_CLASS = YES_ERROR;
				CLANG_WARN_QUOTED_INCLUDE_IN_FRAMEWORK_HEADER = YES;
				CLANG_WARN_RANGE_LOOP_ANALYSIS = YES;
				CLANG_WARN_STRICT_PROTOTYPES = YES;
				CLANG_WARN_SUSPICIOUS_MOVE = YES;
				CLANG_WARN_UNGUARDED_AVAILABILITY = YES_AGGRESSIVE;
				CLANG_WARN_UNREACHABLE_CODE = YES;
				CLANG_WARN__DUPLICATE_METHOD_MATCH = YES;
				COPY_PHASE_STRIP = NO;
				DEBUG_INFORMATION_FORMAT = dwarf;
				DEVELOPMENT_TEAM = T9MD4URZFH;
				ENABLE_STRICT_OBJC_MSGSEND = YES;
				ENABLE_TESTABILITY = YES;
				ENABLE_USER_SCRIPT_SANDBOXING = YES;
				GCC_C_LANGUAGE_STANDARD = gnu17;
				GCC_DYNAMIC_NO_PIC = NO;
				GCC_NO_COMMON_BLOCKS = YES;
				GCC_OPTIMIZATION_LEVEL = 0;
				GCC_PREPROCESSOR_DEFINITIONS = (
					"DEBUG=1",
					"$(inherited)",
				);
				GCC_WARN_64_TO_32_BIT_CONVERSION = YES;
				GCC_WARN_ABOUT_RETURN_TYPE = YES_ERROR;
				GCC_WARN_UNDECLARED_SELECTOR = YES;
				GCC_WARN_UNINITIALIZED_AUTOS = YES_AGGRESSIVE;
				GCC_WARN_UNUSED_FUNCTION = YES;
				GCC_WARN_UNUSED_VARIABLE = YES;
				IPHONEOS_DEPLOYMENT_TARGET = 18.4;
				LOCALIZATION_PREFERS_STRING_CATALOGS = YES;
				MTL_ENABLE_DEBUG_INFO = INCLUDE_SOURCE;
				MTL_FAST_MATH = YES;
				ONLY_ACTIVE_ARCH = YES;
				SDKROOT = iphoneos;
				SWIFT_ACTIVE_COMPILATION_CONDITIONS = "DEBUG $(inherited)";
				SWIFT_OPTIMIZATION_LEVEL = "-Onone";
			};
			name = Debug;
		};
		EF1E2AB82DCB1938006A03DE /* Release */ = {
			isa = XCBuildConfiguration;
			buildSettings = {
				ALWAYS_SEARCH_USER_PATHS = NO;
				ASSETCATALOG_COMPILER_GENERATE_SWIFT_ASSET_SYMBOL_EXTENSIONS = YES;
				CLANG_ANALYZER_NONNULL = YES;
				CLANG_ANALYZER_NUMBER_OBJECT_CONVERSION = YES_AGGRESSIVE;
				CLANG_CXX_LANGUAGE_STANDARD = "gnu++20";
				CLANG_ENABLE_MODULES = YES;
				CLANG_ENABLE_OBJC_ARC = YES;
				CLANG_ENABLE_OBJC_WEAK = YES;
				CLANG_WARN_BLOCK_CAPTURE_AUTORELEASING = YES;
				CLANG_WARN_BOOL_CONVERSION = YES;
				CLANG_WARN_COMMA = YES;
				CLANG_WARN_CONSTANT_CONVERSION = YES;
				CLANG_WARN_DEPRECATED_OBJC_IMPLEMENTATIONS = YES;
				CLANG_WARN_DIRECT_OBJC_ISA_USAGE = YES_ERROR;
				CLANG_WARN_DOCUMENTATION_COMMENTS = YES;
				CLANG_WARN_EMPTY_BODY = YES;
				CLANG_WARN_ENUM_CONVERSION = YES;
				CLANG_WARN_INFINITE_RECURSION = YES;
				CLANG_WARN_INT_CONVERSION = YES;
				CLANG_WARN_NON_LITERAL_NULL_CONVERSION = YES;
				CLANG_WARN_OBJC_IMPLICIT_RETAIN_SELF = YES;
				CLANG_WARN_OBJC_LITERAL_CONVERSION = YES;
				CLANG_WARN_OBJC_ROOT_CLASS = YES_ERROR;
				CLANG_WARN_QUOTED_INCLUDE_IN_FRAMEWORK_HEADER = YES;
				CLANG_WARN_RANGE_LOOP_ANALYSIS = YES;
				CLANG_WARN_STRICT_PROTOTYPES = YES;
				CLANG_WARN_SUSPICIOUS_MOVE = YES;
				CLANG_WARN_UNGUARDED_AVAILABILITY = YES_AGGRESSIVE;
				CLANG_WARN_UNREACHABLE_CODE = YES;
				CLANG_WARN__DUPLICATE_METHOD_MATCH = YES;
				COPY_PHASE_STRIP = NO;
				DEBUG_INFORMATION_FORMAT = "dwarf-with-dsym";
				DEVELOPMENT_TEAM = T9MD4URZFH;
				ENABLE_NS_ASSERTIONS = NO;
				ENABLE_STRICT_OBJC_MSGSEND = YES;
				ENABLE_USER_SCRIPT_SANDBOXING = YES;
				GCC_C_LANGUAGE_STANDARD = gnu17;
				GCC_NO_COMMON_BLOCKS = YES;
				GCC_WARN_64_TO_32_BIT_CONVERSION = YES;
				GCC_WARN_ABOUT_RETURN_TYPE = YES_ERROR;
				GCC_WARN_UNDECLARED_SELECTOR = YES;
				GCC_WARN_UNINITIALIZED_AUTOS = YES_AGGRESSIVE;
				GCC_WARN_UNUSED_FUNCTION = YES;
				GCC_WARN_UNUSED_VARIABLE = YES;
				IPHONEOS_DEPLOYMENT_TARGET = 18.4;
				LOCALIZATION_PREFERS_STRING_CATALOGS = YES;
				MTL_ENABLE_DEBUG_INFO = NO;
				MTL_FAST_MATH = YES;
				SDKROOT = iphoneos;
				SWIFT_COMPILATION_MODE = wholemodule;
				VALIDATE_PRODUCT = YES;
			};
			name = Release;
		};
		EF1E2ABA2DCB1938006A03DE /* Debug */ = {
			isa = XCBuildConfiguration;
			buildSettings = {
				ASSETCATALOG_COMPILER_APPICON_NAME = AppIcon;
				ASSETCATALOG_COMPILER_GLOBAL_ACCENT_COLOR_NAME = AccentColor;
				CODE_SIGN_STYLE = Automatic;
				CURRENT_PROJECT_VERSION = 1;
				DEVELOPMENT_TEAM = T9MD4URZFH;
				ENABLE_PREVIEWS = YES;
				GENERATE_INFOPLIST_FILE = YES;
				INFOPLIST_KEY_UIApplicationSceneManifest_Generation = YES;
				INFOPLIST_KEY_UIApplicationSupportsIndirectInputEvents = YES;
				INFOPLIST_KEY_UILaunchScreen_Generation = YES;
				INFOPLIST_KEY_UISupportedInterfaceOrientations_iPad = "UIInterfaceOrientationPortrait UIInterfaceOrientationPortraitUpsideDown UIInterfaceOrientationLandscapeLeft UIInterfaceOrientationLandscapeRight";
				INFOPLIST_KEY_UISupportedInterfaceOrientations_iPhone = "UIInterfaceOrientationPortrait UIInterfaceOrientationLandscapeLeft UIInterfaceOrientationLandscapeRight";
				LD_RUNPATH_SEARCH_PATHS = (
					"$(inherited)",
					"@executable_path/Frameworks",
				);
				MARKETING_VERSION = 1.0;
				PRODUCT_BUNDLE_IDENTIFIER = com.superkookai.GameOfLife;
				PRODUCT_NAME = "$(TARGET_NAME)";
				SWIFT_EMIT_LOC_STRINGS = YES;
				SWIFT_VERSION = 5.0;
				TARGETED_DEVICE_FAMILY = "1,2";
			};
			name = Debug;
		};
		EF1E2ABB2DCB1938006A03DE /* Release */ = {
			isa = XCBuildConfiguration;
			buildSettings = {
				ASSETCATALOG_COMPILER_APPICON_NAME = AppIcon;
				ASSETCATALOG_COMPILER_GLOBAL_ACCENT_COLOR_NAME = AccentColor;
				CODE_SIGN_STYLE = Automatic;
				CURRENT_PROJECT_VERSION = 1;
				DEVELOPMENT_TEAM = T9MD4URZFH;
				ENABLE_PREVIEWS = YES;
				GENERATE_INFOPLIST_FILE = YES;
				INFOPLIST_KEY_UIApplicationSceneManifest_Generation = YES;
				INFOPLIST_KEY_UIApplicationSupportsIndirectInputEvents = YES;
				INFOPLIST_KEY_UILaunchScreen_Generation = YES;
				INFOPLIST_KEY_UISupportedInterfaceOrientations_iPad = "UIInterfaceOrientationPortrait UIInterfaceOrientationPortraitUpsideDown UIInterfaceOrientationLandscapeLeft UIInterfaceOrientationLandscapeRight";
				INFOPLIST_KEY_UISupportedInterfaceOrientations_iPhone = "UIInterfaceOrientationPortrait UIInterfaceOrientationLandscapeLeft UIInterfaceOrientationLandscapeRight";
				LD_RUNPATH_SEARCH_PATHS = (
					"$(inherited)",
					"@executable_path/Frameworks",
				);
				MARKETING_VERSION = 1.0;
				PRODUCT_BUNDLE_IDENTIFIER = com.superkookai.GameOfLife;
				PRODUCT_NAME = "$(TARGET_NAME)";
				SWIFT_EMIT_LOC_STRINGS = YES;
				SWIFT_VERSION = 5.0;
				TARGETED_DEVICE_FAMILY = "1,2";
			};
			name = Release;
		};
/* End XCBuildConfiguration section */

/* Begin XCConfigurationList section */
		EF1E2AA92DCB1937006A03DE /* Build configuration list for PBXProject "GameOfLife" */ = {
			isa = XCConfigurationList;
			buildConfigurations = (
				EF1E2AB72DCB1938006A03DE /* Debug */,
				EF1E2AB82DCB1938006A03DE /* Release */,
			);
			defaultConfigurationIsVisible = 0;
			defaultConfigurationName = Release;
		};
		EF1E2AB92DCB1938006A03DE /* Build configuration list for PBXNativeTarget "GameOfLife" */ = {
			isa = XCConfigurationList;
			buildConfigurations = (
				EF1E2ABA2DCB1938006A03DE /* Debug */,
				EF1E2ABB2DCB1938006A03DE /* Release */,
			);
			defaultConfigurationIsVisible = 0;
			defaultConfigurationName = Release;
		};
/* End XCConfigurationList section */
	};
	rootObject = EF1E2AA62DCB1937006A03DE /* Project object */;
}
